# This file was autogenerated by Stack.
# You should not edit this file by hand.
# For more information, please see the documentation at:
#   https://docs.haskellstack.org/en/stable/lock_files

packages:
- completed:
    hackage: reactive-banana-1.2.1.0@sha256:af0a41dec95e1478acd5280f0fdde51afddf9fbfa4e0a4c226a2c6fa65702796,3975
    pantry-tree:
      size: 2443
      sha256: 367a55194ed03065dd7cf9e63c851ae4fe56f8533d07cdfe751fa68da9c7d66d
  original:
    hackage: reactive-banana-1.2.1.0@sha256:af0a41dec95e1478acd5280f0fdde51afddf9fbfa4e0a4c226a2c6fa65702796,3975
snapshots:
- completed:
    size: 524996
    url: https://raw.githubusercontent.com/commercialhaskell/stackage-snapshots/master/lts/14/27.yaml
    sha256: 7ea31a280c56bf36ff591a7397cc384d0dff622e7f9e4225b47d8980f019a0f0
  original: lts-14.27
